
Microsoft Visual Studio Solution File, Format Version 12.00
# Visual Studio Version 17
VisualStudioVersion = 17.0.31903.59
MinimumVisualStudioVersion = 10.0.40219.1
Project("{FAE04EC0-301F-11D3-BF4B-00C04F79EFBC}") = "MerchShop", "MerchShop\MerchShop.csproj", "{29A66A1C-E0CF-4612-9C13-36F6FC857737}"
EndProject
Global
	GlobalSection(SolutionConfigurationPlatforms) = preSolution
		Debug|Any CPU = Debug|Any CPU
		Release|Any CPU = Release|Any CPU
	EndGlobalSection
	GlobalSection(ProjectConfigurationPlatforms) = postSolution
		{29A66A1C-E0CF-4612-9C13-36F6FC857737}.Debug|Any CPU.ActiveCfg = Debug|Any CPU
		{29A66A1C-E0CF-4612-9C13-36F6FC857737}.Debug|Any CPU.Build.0 = Debug|Any CPU
		{29A66A1C-E0CF-4612-9C13-36F6FC857737}.Release|Any CPU.ActiveCfg = Release|Any CPU
		{29A66A1C-E0CF-4612-9C13-36F6FC857737}.Release|Any CPU.Build.0 = Release|Any CPU
	EndGlobalSection
	GlobalSection(SolutionProperties) = preSolution
		HideSolutionNode = FALSE
	EndGlobalSection
	GlobalSection(ExtensibilityGlobals) = postSolution
		SolutionGuid = {97E140AB-BABA-45FC-B577-7D81D732F7B7}
	EndGlobalSection
EndGlobal
